
Microsoft Visual Studio Solution File, Format Version 12.00
# Visual Studio Version 16
VisualStudioVersion = 16.0.31911.196
MinimumVisualStudioVersion = 10.0.40219.1
Project("{9A19103F-16F7-4668-BE54-9A1E7A4F7556}") = "StackPanel", "StackPanel.csproj", "{DB23EB50-385A-4528-B730-10B3E9F70A03}"
EndProject
Global
	GlobalSection(SolutionConfigurationPlatforms) = preSolution
		Debug|Any CPU = Debug|Any CPU
		Release|Any CPU = Release|Any CPU
	EndGlobalSection
	GlobalSection(ProjectConfigurationPlatforms) = postSolution
		{DB23EB50-385A-4528-B730-10B3E9F70A03}.Debug|Any CPU.ActiveCfg = Debug|Any CPU
		{DB23EB50-385A-4528-B730-10B3E9F70A03}.Debug|Any CPU.Build.0 = Debug|Any CPU
		{DB23EB50-385A-4528-B730-10B3E9F70A03}.Release|Any CPU.ActiveCfg = Release|Any CPU
		{DB23EB50-385A-4528-B730-10B3E9F70A03}.Release|Any CPU.Build.0 = Release|Any CPU
	EndGlobalSection
	GlobalSection(SolutionProperties) = preSolution
		HideSolutionNode = FALSE
	EndGlobalSection
	GlobalSection(ExtensibilityGlobals) = postSolution
		SolutionGuid = {124E2E41-0C3E-4FC3-AF27-1B2869EA2620}
	EndGlobalSection
EndGlobal
