
Microsoft Visual Studio Solution File, Format Version 12.00
# Visual Studio Version 16
VisualStudioVersion = 16.0.31911.196
MinimumVisualStudioVersion = 10.0.40219.1
Project("{9A19103F-16F7-4668-BE54-9A1E7A4F7556}") = "GridSingleCell", "GridSingleCell.csproj", "{88933F20-ECCA-400B-B051-85E20F5CB427}"
EndProject
Global
	GlobalSection(SolutionConfigurationPlatforms) = preSolution
		Debug|Any CPU = Debug|Any CPU
		Release|Any CPU = Release|Any CPU
	EndGlobalSection
	GlobalSection(ProjectConfigurationPlatforms) = postSolution
		{88933F20-ECCA-400B-B051-85E20F5CB427}.Debug|Any CPU.ActiveCfg = Debug|Any CPU
		{88933F20-ECCA-400B-B051-85E20F5CB427}.Debug|Any CPU.Build.0 = Debug|Any CPU
		{88933F20-ECCA-400B-B051-85E20F5CB427}.Release|Any CPU.ActiveCfg = Release|Any CPU
		{88933F20-ECCA-400B-B051-85E20F5CB427}.Release|Any CPU.Build.0 = Release|Any CPU
	EndGlobalSection
	GlobalSection(SolutionProperties) = preSolution
		HideSolutionNode = FALSE
	EndGlobalSection
	GlobalSection(ExtensibilityGlobals) = postSolution
		SolutionGuid = {CB328A4C-AA76-43B5-8FBB-E85799B72CC7}
	EndGlobalSection
EndGlobal
