
Microsoft Visual Studio Solution File, Format Version 12.00
# Visual Studio Version 16
VisualStudioVersion = 16.0.31911.196
MinimumVisualStudioVersion = 10.0.40219.1
Project("{9A19103F-16F7-4668-BE54-9A1E7A4F7556}") = "DataTemplates", "DataTemplates.csproj", "{92B1FC46-94AE-4B43-B3F6-B041F1135713}"
EndProject
Global
	GlobalSection(SolutionConfigurationPlatforms) = preSolution
		Debug|Any CPU = Debug|Any CPU
		Release|Any CPU = Release|Any CPU
	EndGlobalSection
	GlobalSection(ProjectConfigurationPlatforms) = postSolution
		{92B1FC46-94AE-4B43-B3F6-B041F1135713}.Debug|Any CPU.ActiveCfg = Debug|Any CPU
		{92B1FC46-94AE-4B43-B3F6-B041F1135713}.Debug|Any CPU.Build.0 = Debug|Any CPU
		{92B1FC46-94AE-4B43-B3F6-B041F1135713}.Release|Any CPU.ActiveCfg = Release|Any CPU
		{92B1FC46-94AE-4B43-B3F6-B041F1135713}.Release|Any CPU.Build.0 = Release|Any CPU
	EndGlobalSection
	GlobalSection(SolutionProperties) = preSolution
		HideSolutionNode = FALSE
	EndGlobalSection
	GlobalSection(ExtensibilityGlobals) = postSolution
		SolutionGuid = {81EA6E27-8E28-473B-90C3-E6F07AEE66F3}
	EndGlobalSection
EndGlobal
