
Microsoft Visual Studio Solution File, Format Version 12.00
# Visual Studio Version 16
VisualStudioVersion = 16.0.31911.196
MinimumVisualStudioVersion = 10.0.40219.1
Project("{9A19103F-16F7-4668-BE54-9A1E7A4F7556}") = "ControlTemplates", "ControlTemplates.csproj", "{532A6079-FF57-4B3D-B20E-09E503F8CF52}"
EndProject
Global
	GlobalSection(SolutionConfigurationPlatforms) = preSolution
		Debug|Any CPU = Debug|Any CPU
		Release|Any CPU = Release|Any CPU
	EndGlobalSection
	GlobalSection(ProjectConfigurationPlatforms) = postSolution
		{532A6079-FF57-4B3D-B20E-09E503F8CF52}.Debug|Any CPU.ActiveCfg = Debug|Any CPU
		{532A6079-FF57-4B3D-B20E-09E503F8CF52}.Debug|Any CPU.Build.0 = Debug|Any CPU
		{532A6079-FF57-4B3D-B20E-09E503F8CF52}.Release|Any CPU.ActiveCfg = Release|Any CPU
		{532A6079-FF57-4B3D-B20E-09E503F8CF52}.Release|Any CPU.Build.0 = Release|Any CPU
	EndGlobalSection
	GlobalSection(SolutionProperties) = preSolution
		HideSolutionNode = FALSE
	EndGlobalSection
	GlobalSection(ExtensibilityGlobals) = postSolution
		SolutionGuid = {FAA85F8A-7424-4B14-85F5-787183F163CF}
	EndGlobalSection
EndGlobal
